
Microsoft Visual Studio Solution File, Format Version 12.00
# Visual Studio Version 17
VisualStudioVersion = 17.8.34330.188
MinimumVisualStudioVersion = 10.0.40219.1
Project("{9A19103F-16F7-4668-BE54-9A1E7A4F7556}") = "MeetWeMe.Model", "MeetWeMe.Model\MeetWeMe.Model.csproj", "{29F2EC88-C9A9-40D7-B747-C559569F72D2}"
EndProject
Project("{9A19103F-16F7-4668-BE54-9A1E7A4F7556}") = "MeetWeMe.Web", "MeetWeMe.Web\MeetWeMe.Web.csproj", "{05DF1F02-3A80-47AC-A9DF-8F4F27B77E07}"
EndProject
Project("{9A19103F-16F7-4668-BE54-9A1E7A4F7556}") = "MeetWeMe.Api", "MeetWeMe.Api\MeetWeMe.Api.csproj", "{B7C886B1-EB1D-41D6-9F59-A74287B0DC77}"
EndProject
Global
	GlobalSection(SolutionConfigurationPlatforms) = preSolution
		Debug|Any CPU = Debug|Any CPU
		Release|Any CPU = Release|Any CPU
	EndGlobalSection
	GlobalSection(ProjectConfigurationPlatforms) = postSolution
		{29F2EC88-C9A9-40D7-B747-C559569F72D2}.Debug|Any CPU.ActiveCfg = Debug|Any CPU
		{29F2EC88-C9A9-40D7-B747-C559569F72D2}.Debug|Any CPU.Build.0 = Debug|Any CPU
		{29F2EC88-C9A9-40D7-B747-C559569F72D2}.Release|Any CPU.ActiveCfg = Release|Any CPU
		{29F2EC88-C9A9-40D7-B747-C559569F72D2}.Release|Any CPU.Build.0 = Release|Any CPU
		{05DF1F02-3A80-47AC-A9DF-8F4F27B77E07}.Debug|Any CPU.ActiveCfg = Debug|Any CPU
		{05DF1F02-3A80-47AC-A9DF-8F4F27B77E07}.Debug|Any CPU.Build.0 = Debug|Any CPU
		{05DF1F02-3A80-47AC-A9DF-8F4F27B77E07}.Release|Any CPU.ActiveCfg = Release|Any CPU
		{05DF1F02-3A80-47AC-A9DF-8F4F27B77E07}.Release|Any CPU.Build.0 = Release|Any CPU
		{B7C886B1-EB1D-41D6-9F59-A74287B0DC77}.Debug|Any CPU.ActiveCfg = Debug|Any CPU
		{B7C886B1-EB1D-41D6-9F59-A74287B0DC77}.Debug|Any CPU.Build.0 = Debug|Any CPU
		{B7C886B1-EB1D-41D6-9F59-A74287B0DC77}.Release|Any CPU.ActiveCfg = Release|Any CPU
		{B7C886B1-EB1D-41D6-9F59-A74287B0DC77}.Release|Any CPU.Build.0 = Release|Any CPU
	EndGlobalSection
	GlobalSection(SolutionProperties) = preSolution
		HideSolutionNode = FALSE
	EndGlobalSection
	GlobalSection(ExtensibilityGlobals) = postSolution
		SolutionGuid = {2976FD57-20C0-4811-BB57-AFB693296091}
	EndGlobalSection
EndGlobal
